// !$*UTF8*$!
{
	archiveVersion = 1;
	classes = {
	};
	objectVersion = 55;
	objects = {

/* Begin PBXBuildFile section */
		A15F94FB280BCD1F0096DA7E /* Weather_AppApp.swift in Sources */ = {isa = PBXBuildFile; fileRef = A15F94FA280BCD1F0096DA7E /* Weather_AppApp.swift */; };
		A15F94FD280BCD1F0096DA7E /* ContentView.swift in Sources */ = {isa = PBXBuildFile; fileRef = A15F94FC280BCD1F0096DA7E /* ContentView.swift */; };
		A15F94FF280BCD1F0096DA7E /* Assets.xcassets in Resources */ = {isa = PBXBuildFile; fileRef = A15F94FE280BCD1F0096DA7E /* Assets.xcassets */; };
		A15F9502280BCD1F0096DA7E /* Preview Assets.xcassets in Resources */ = {isa = PBXBuildFile; fileRef = A15F9501280BCD1F0096DA7E /* Preview Assets.xcassets */; };
		A15F950C280BCE9F0096DA7E /* API.swift in Sources */ = {isa = PBXBuildFile; fileRef = A15F950B280BCE9F0096DA7E /* API.swift */; };
		A15F950F280BCF040096DA7E /* Endpoint.swift in Sources */ = {isa = PBXBuildFile; fileRef = A15F950E280BCF030096DA7E /* Endpoint.swift */; };
		A15F9511280BD1760096DA7E /* NetworkError.swift in Sources */ = {isa = PBXBuildFile; fileRef = A15F9510280BD1760096DA7E /* NetworkError.swift */; };
		A15F9513280BD70C0096DA7E /* WeatherService.swift in Sources */ = {isa = PBXBuildFile; fileRef = A15F9512280BD70C0096DA7E /* WeatherService.swift */; };
		A15F9515280BDBF50096DA7E /* WeatherViewModel.swift in Sources */ = {isa = PBXBuildFile; fileRef = A15F9514280BDBF50096DA7E /* WeatherViewModel.swift */; };
		A15F9519280BE3550096DA7E /* URLImage in Frameworks */ = {isa = PBXBuildFile; productRef = A15F9518280BE3550096DA7E /* URLImage */; };
		A15F951B280BE3550096DA7E /* URLImageStore in Frameworks */ = {isa = PBXBuildFile; productRef = A15F951A280BE3550096DA7E /* URLImageStore */; };
		A15F951D280BE57D0096DA7E /* WeatherView.swift in Sources */ = {isa = PBXBuildFile; fileRef = A15F951C280BE57D0096DA7E /* WeatherView.swift */; };
/* End PBXBuildFile section */

/* Begin PBXFileReference section */
		A15F94F7280BCD1F0096DA7E /* Weather App.app */ = {isa = PBXFileReference; explicitFileType = wrapper.application; includeInIndex = 0; path = "Weather App.app"; sourceTree = BUILT_PRODUCTS_DIR; };
		A15F94FA280BCD1F0096DA7E /* Weather_AppApp.swift */ = {isa = PBXFileReference; lastKnownFileType = sourcecode.swift; path = Weather_AppApp.swift; sourceTree = "<group>"; };
		A15F94FC280BCD1F0096DA7E /* ContentView.swift */ = {isa = PBXFileReference; lastKnownFileType = sourcecode.swift; path = ContentView.swift; sourceTree = "<group>"; };
		A15F94FE280BCD1F0096DA7E /* Assets.xcassets */ = {isa = PBXFileReference; lastKnownFileType = folder.assetcatalog; path = Assets.xcassets; sourceTree = "<group>"; };
		A15F9501280BCD1F0096DA7E /* Preview Assets.xcassets */ = {isa = PBXFileReference; lastKnownFileType = folder.assetcatalog; path = "Preview Assets.xcassets"; sourceTree = "<group>"; };
		A15F950B280BCE9F0096DA7E /* API.swift */ = {isa = PBXFileReference; lastKnownFileType = sourcecode.swift; path = API.swift; sourceTree = "<group>"; };
		A15F950E280BCF030096DA7E /* Endpoint.swift */ = {isa = PBXFileReference; lastKnownFileType = sourcecode.swift; path = Endpoint.swift; sourceTree = "<group>"; };
		A15F9510280BD1760096DA7E /* NetworkError.swift */ = {isa = PBXFileReference; lastKnownFileType = sourcecode.swift; path = NetworkError.swift; sourceTree = "<group>"; };
		A15F9512280BD70C0096DA7E /* WeatherService.swift */ = {isa = PBXFileReference; lastKnownFileType = sourcecode.swift; path = WeatherService.swift; sourceTree = "<group>"; };
		A15F9514280BDBF50096DA7E /* WeatherViewModel.swift */ = {isa = PBXFileReference; lastKnownFileType = sourcecode.swift; path = WeatherViewModel.swift; sourceTree = "<group>"; };
		A15F951C280BE57D0096DA7E /* WeatherView.swift */ = {isa = PBXFileReference; lastKnownFileType = sourcecode.swift; path = WeatherView.swift; sourceTree = "<group>"; };
/* End PBXFileReference section */

/* Begin PBXFrameworksBuildPhase section */
		A15F94F4280BCD1F0096DA7E /* Frameworks */ = {
			isa = PBXFrameworksBuildPhase;
			buildActionMask = 2147483647;
			files = (
				A15F951B280BE3550096DA7E /* URLImageStore in Frameworks */,
				A15F9519280BE3550096DA7E /* URLImage in Frameworks */,
			);
			runOnlyForDeploymentPostprocessing = 0;
		};
/* End PBXFrameworksBuildPhase section */

/* Begin PBXGroup section */
		A15F94EE280BCD1F0096DA7E = {
			isa = PBXGroup;
			children = (
				A15F94F9280BCD1F0096DA7E /* Weather App */,
				A15F94F8280BCD1F0096DA7E /* Products */,
			);
			sourceTree = "<group>";
		};
		A15F94F8280BCD1F0096DA7E /* Products */ = {
			isa = PBXGroup;
			children = (
				A15F94F7280BCD1F0096DA7E /* Weather App.app */,
			);
			name = Products;
			sourceTree = "<group>";
		};
		A15F94F9280BCD1F0096DA7E /* Weather App */ = {
			isa = PBXGroup;
			children = (
				A15F950D280BCEA70096DA7E /* View */,
				A15F9508280BCE6D0096DA7E /* Model */,
				A15F94FA280BCD1F0096DA7E /* Weather_AppApp.swift */,
				A15F94FC280BCD1F0096DA7E /* ContentView.swift */,
				A15F951C280BE57D0096DA7E /* WeatherView.swift */,
				A15F94FE280BCD1F0096DA7E /* Assets.xcassets */,
				A15F9512280BD70C0096DA7E /* WeatherService.swift */,
				A15F9514280BDBF50096DA7E /* WeatherViewModel.swift */,
				A15F9500280BCD1F0096DA7E /* Preview Content */,
			);
			path = "Weather App";
			sourceTree = "<group>";
		};
		A15F9500280BCD1F0096DA7E /* Preview Content */ = {
			isa = PBXGroup;
			children = (
				A15F9501280BCD1F0096DA7E /* Preview Assets.xcassets */,
			);
			path = "Preview Content";
			sourceTree = "<group>";
		};
		A15F9508280BCE6D0096DA7E /* Model */ = {
			isa = PBXGroup;
			children = (
				A15F950B280BCE9F0096DA7E /* API.swift */,
				A15F950E280BCF030096DA7E /* Endpoint.swift */,
				A15F9510280BD1760096DA7E /* NetworkError.swift */,
			);
			path = Model;
			sourceTree = "<group>";
		};
		A15F950D280BCEA70096DA7E /* View */ = {
			isa = PBXGroup;
			children = (
			);
			path = View;
			sourceTree = "<group>";
		};
/* End PBXGroup section */

/* Begin PBXNativeTarget section */
		A15F94F6280BCD1F0096DA7E /* Weather App */ = {
			isa = PBXNativeTarget;
			buildConfigurationList = A15F9505280BCD1F0096DA7E /* Build configuration list for PBXNativeTarget "Weather App" */;
			buildPhases = (
				A15F94F3280BCD1F0096DA7E /* Sources */,
				A15F94F4280BCD1F0096DA7E /* Frameworks */,
				A15F94F5280BCD1F0096DA7E /* Resources */,
			);
			buildRules = (
			);
			dependencies = (
			);
			name = "Weather App";
			packageProductDependencies = (
				A15F9518280BE3550096DA7E /* URLImage */,
				A15F951A280BE3550096DA7E /* URLImageStore */,
			);
			productName = "Weather App";
			productReference = A15F94F7280BCD1F0096DA7E /* Weather App.app */;
			productType = "com.apple.product-type.application";
		};
/* End PBXNativeTarget section */

/* Begin PBXProject section */
		A15F94EF280BCD1F0096DA7E /* Project object */ = {
			isa = PBXProject;
			attributes = {
				BuildIndependentTargetsInParallel = 1;
				LastSwiftUpdateCheck = 1330;
				LastUpgradeCheck = 1330;
				TargetAttributes = {
					A15F94F6280BCD1F0096DA7E = {
						CreatedOnToolsVersion = 13.3;
					};
				};
			};
			buildConfigurationList = A15F94F2280BCD1F0096DA7E /* Build configuration list for PBXProject "Weather App" */;
			compatibilityVersion = "Xcode 13.0";
			developmentRegion = en;
			hasScannedForEncodings = 0;
			knownRegions = (
				en,
				Base,
			);
			mainGroup = A15F94EE280BCD1F0096DA7E;
			packageReferences = (
				A15F9516280BE33B0096DA7E /* XCRemoteSwiftPackageReference "url-image" */,
				A15F9517280BE3550096DA7E /* XCRemoteSwiftPackageReference "url-image" */,
			);
			productRefGroup = A15F94F8280BCD1F0096DA7E /* Products */;
			projectDirPath = "";
			projectRoot = "";
			targets = (
				A15F94F6280BCD1F0096DA7E /* Weather App */,
			);
		};
/* End PBXProject section */

/* Begin PBXResourcesBuildPhase section */
		A15F94F5280BCD1F0096DA7E /* Resources */ = {
			isa = PBXResourcesBuildPhase;
			buildActionMask = 2147483647;
			files = (
				A15F9502280BCD1F0096DA7E /* Preview Assets.xcassets in Resources */,
				A15F94FF280BCD1F0096DA7E /* Assets.xcassets in Resources */,
			);
			runOnlyForDeploymentPostprocessing = 0;
		};
/* End PBXResourcesBuildPhase section */

/* Begin PBXSourcesBuildPhase section */
		A15F94F3280BCD1F0096DA7E /* Sources */ = {
			isa = PBXSourcesBuildPhase;
			buildActionMask = 2147483647;
			files = (
				A15F94FD280BCD1F0096DA7E /* ContentView.swift in Sources */,
				A15F950C280BCE9F0096DA7E /* API.swift in Sources */,
				A15F950F280BCF040096DA7E /* Endpoint.swift in Sources */,
				A15F9515280BDBF50096DA7E /* WeatherViewModel.swift in Sources */,
				A15F94FB280BCD1F0096DA7E /* Weather_AppApp.swift in Sources */,
				A15F9513280BD70C0096DA7E /* WeatherService.swift in Sources */,
				A15F9511280BD1760096DA7E /* NetworkError.swift in Sources */,
				A15F951D280BE57D0096DA7E /* WeatherView.swift in Sources */,
			);
			runOnlyForDeploymentPostprocessing = 0;
		};
/* End PBXSourcesBuildPhase section */

/* Begin XCBuildConfiguration section */
		A15F9503280BCD1F0096DA7E /* Debug */ = {
			isa = XCBuildConfiguration;
			buildSettings = {
				ALWAYS_SEARCH_USER_PATHS = NO;
				CLANG_ANALYZER_NONNULL = YES;
				CLANG_ANALYZER_NUMBER_OBJECT_CONVERSION = YES_AGGRESSIVE;
				CLANG_CXX_LANGUAGE_STANDARD = "gnu++17";
				CLANG_ENABLE_MODULES = YES;
				CLANG_ENABLE_OBJC_ARC = YES;
				CLANG_ENABLE_OBJC_WEAK = YES;
				CLANG_WARN_BLOCK_CAPTURE_AUTORELEASING = YES;
				CLANG_WARN_BOOL_CONVERSION = YES;
				CLANG_WARN_COMMA = YES;
				CLANG_WARN_CONSTANT_CONVERSION = YES;
				CLANG_WARN_DEPRECATED_OBJC_IMPLEMENTATIONS = YES;
				CLANG_WARN_DIRECT_OBJC_ISA_USAGE = YES_ERROR;
				CLANG_WARN_DOCUMENTATION_COMMENTS = YES;
				CLANG_WARN_EMPTY_BODY = YES;
				CLANG_WARN_ENUM_CONVERSION = YES;
				CLANG_WARN_INFINITE_RECURSION = YES;
				CLANG_WARN_INT_CONVERSION = YES;
				CLANG_WARN_NON_LITERAL_NULL_CONVERSION = YES;
				CLANG_WARN_OBJC_IMPLICIT_RETAIN_SELF = YES;
				CLANG_WARN_OBJC_LITERAL_CONVERSION = YES;
				CLANG_WARN_OBJC_ROOT_CLASS = YES_ERROR;
				CLANG_WARN_QUOTED_INCLUDE_IN_FRAMEWORK_HEADER = YES;
				CLANG_WARN_RANGE_LOOP_ANALYSIS = YES;
				CLANG_WARN_STRICT_PROTOTYPES = YES;
				CLANG_WARN_SUSPICIOUS_MOVE = YES;
				CLANG_WARN_UNGUARDED_AVAILABILITY = YES_AGGRESSIVE;
				CLANG_WARN_UNREACHABLE_CODE = YES;
				CLANG_WARN__DUPLICATE_METHOD_MATCH = YES;
				COPY_PHASE_STRIP = NO;
				DEBUG_INFORMATION_FORMAT = dwarf;
				ENABLE_STRICT_OBJC_MSGSEND = YES;
				ENABLE_TESTABILITY = YES;
				GCC_C_LANGUAGE_STANDARD = gnu11;
				GCC_DYNAMIC_NO_PIC = NO;
				GCC_NO_COMMON_BLOCKS = YES;
				GCC_OPTIMIZATION_LEVEL = 0;
				GCC_PREPROCESSOR_DEFINITIONS = (
					"DEBUG=1",
					"$(inherited)",
				);
				GCC_WARN_64_TO_32_BIT_CONVERSION = YES;
				GCC_WARN_ABOUT_RETURN_TYPE = YES_ERROR;
				GCC_WARN_UNDECLARED_SELECTOR = YES;
				GCC_WARN_UNINITIALIZED_AUTOS = YES_AGGRESSIVE;
				GCC_WARN_UNUSED_FUNCTION = YES;
				GCC_WARN_UNUSED_VARIABLE = YES;
				IPHONEOS_DEPLOYMENT_TARGET = 15.4;
				MTL_ENABLE_DEBUG_INFO = INCLUDE_SOURCE;
				MTL_FAST_MATH = YES;
				ONLY_ACTIVE_ARCH = YES;
				SDKROOT = iphoneos;
				SWIFT_ACTIVE_COMPILATION_CONDITIONS = DEBUG;
				SWIFT_OPTIMIZATION_LEVEL = "-Onone";
			};
			name = Debug;
		};
		A15F9504280BCD1F0096DA7E /* Release */ = {
			isa = XCBuildConfiguration;
			buildSettings = {
				ALWAYS_SEARCH_USER_PATHS = NO;
				CLANG_ANALYZER_NONNULL = YES;
				CLANG_ANALYZER_NUMBER_OBJECT_CONVERSION = YES_AGGRESSIVE;
				CLANG_CXX_LANGUAGE_STANDARD = "gnu++17";
				CLANG_ENABLE_MODULES = YES;
				CLANG_ENABLE_OBJC_ARC = YES;
				CLANG_ENABLE_OBJC_WEAK = YES;
				CLANG_WARN_BLOCK_CAPTURE_AUTORELEASING = YES;
				CLANG_WARN_BOOL_CONVERSION = YES;
				CLANG_WARN_COMMA = YES;
				CLANG_WARN_CONSTANT_CONVERSION = YES;
				CLANG_WARN_DEPRECATED_OBJC_IMPLEMENTATIONS = YES;
				CLANG_WARN_DIRECT_OBJC_ISA_USAGE = YES_ERROR;
				CLANG_WARN_DOCUMENTATION_COMMENTS = YES;
				CLANG_WARN_EMPTY_BODY = YES;
				CLANG_WARN_ENUM_CONVERSION = YES;
				CLANG_WARN_INFINITE_RECURSION = YES;
				CLANG_WARN_INT_CONVERSION = YES;
				CLANG_WARN_NON_LITERAL_NULL_CONVERSION = YES;
				CLANG_WARN_OBJC_IMPLICIT_RETAIN_SELF = YES;
				CLANG_WARN_OBJC_LITERAL_CONVERSION = YES;
				CLANG_WARN_OBJC_ROOT_CLASS = YES_ERROR;
				CLANG_WARN_QUOTED_INCLUDE_IN_FRAMEWORK_HEADER = YES;
				CLANG_WARN_RANGE_LOOP_ANALYSIS = YES;
				CLANG_WARN_STRICT_PROTOTYPES = YES;
				CLANG_WARN_SUSPICIOUS_MOVE = YES;
				CLANG_WARN_UNGUARDED_AVAILABILITY = YES_AGGRESSIVE;
				CLANG_WARN_UNREACHABLE_CODE = YES;
				CLANG_WARN__DUPLICATE_METHOD_MATCH = YES;
				COPY_PHASE_STRIP = NO;
				DEBUG_INFORMATION_FORMAT = "dwarf-with-dsym";
				ENABLE_NS_ASSERTIONS = NO;
				ENABLE_STRICT_OBJC_MSGSEND = YES;
				GCC_C_LANGUAGE_STANDARD = gnu11;
				GCC_NO_COMMON_BLOCKS = YES;
				GCC_WARN_64_TO_32_BIT_CONVERSION = YES;
				GCC_WARN_ABOUT_RETURN_TYPE = YES_ERROR;
				GCC_WARN_UNDECLARED_SELECTOR = YES;
				GCC_WARN_UNINITIALIZED_AUTOS = YES_AGGRESSIVE;
				GCC_WARN_UNUSED_FUNCTION = YES;
				GCC_WARN_UNUSED_VARIABLE = YES;
				IPHONEOS_DEPLOYMENT_TARGET = 15.4;
				MTL_ENABLE_DEBUG_INFO = NO;
				MTL_FAST_MATH = YES;
				SDKROOT = iphoneos;
				SWIFT_COMPILATION_MODE = wholemodule;
				SWIFT_OPTIMIZATION_LEVEL = "-O";
				VALIDATE_PRODUCT = YES;
			};
			name = Release;
		};
		A15F9506280BCD1F0096DA7E /* Debug */ = {
			isa = XCBuildConfiguration;
			buildSettings = {
				ASSETCATALOG_COMPILER_APPICON_NAME = AppIcon;
				ASSETCATALOG_COMPILER_GLOBAL_ACCENT_COLOR_NAME = AccentColor;
				CODE_SIGN_STYLE = Automatic;
				CURRENT_PROJECT_VERSION = 1;
				DEVELOPMENT_ASSET_PATHS = "\"Weather App/Preview Content\"";
				DEVELOPMENT_TEAM = V273ZKZ9MX;
				ENABLE_PREVIEWS = YES;
				GENERATE_INFOPLIST_FILE = YES;
				INFOPLIST_KEY_UIApplicationSceneManifest_Generation = YES;
				INFOPLIST_KEY_UIApplicationSupportsIndirectInputEvents = YES;
				INFOPLIST_KEY_UILaunchScreen_Generation = YES;
				INFOPLIST_KEY_UISupportedInterfaceOrientations_iPad = "UIInterfaceOrientationPortrait UIInterfaceOrientationPortraitUpsideDown UIInterfaceOrientationLandscapeLeft UIInterfaceOrientationLandscapeRight";
				INFOPLIST_KEY_UISupportedInterfaceOrientations_iPhone = "UIInterfaceOrientationPortrait UIInterfaceOrientationLandscapeLeft UIInterfaceOrientationLandscapeRight";
				LD_RUNPATH_SEARCH_PATHS = (
					"$(inherited)",
					"@executable_path/Frameworks",
				);
				MARKETING_VERSION = 1.0;
				PRODUCT_BUNDLE_IDENTIFIER = "com.berrytillage.Weather-App";
				PRODUCT_NAME = "$(TARGET_NAME)";
				SWIFT_EMIT_LOC_STRINGS = YES;
				SWIFT_VERSION = 5.0;
				TARGETED_DEVICE_FAMILY = "1,2";
			};
			name = Debug;
		};
		A15F9507280BCD1F0096DA7E /* Release */ = {
			isa = XCBuildConfiguration;
			buildSettings = {
				ASSETCATALOG_COMPILER_APPICON_NAME = AppIcon;
				ASSETCATALOG_COMPILER_GLOBAL_ACCENT_COLOR_NAME = AccentColor;
				CODE_SIGN_STYLE = Automatic;
				CURRENT_PROJECT_VERSION = 1;
				DEVELOPMENT_ASSET_PATHS = "\"Weather App/Preview Content\"";
				DEVELOPMENT_TEAM = V273ZKZ9MX;
				ENABLE_PREVIEWS = YES;
				GENERATE_INFOPLIST_FILE = YES;
				INFOPLIST_KEY_UIApplicationSceneManifest_Generation = YES;
				INFOPLIST_KEY_UIApplicationSupportsIndirectInputEvents = YES;
				INFOPLIST_KEY_UILaunchScreen_Generation = YES;
				INFOPLIST_KEY_UISupportedInterfaceOrientations_iPad = "UIInterfaceOrientationPortrait UIInterfaceOrientationPortraitUpsideDown UIInterfaceOrientationLandscapeLeft UIInterfaceOrientationLandscapeRight";
				INFOPLIST_KEY_UISupportedInterfaceOrientations_iPhone = "UIInterfaceOrientationPortrait UIInterfaceOrientationLandscapeLeft UIInterfaceOrientationLandscapeRight";
				LD_RUNPATH_SEARCH_PATHS = (
					"$(inherited)",
					"@executable_path/Frameworks",
				);
				MARKETING_VERSION = 1.0;
				PRODUCT_BUNDLE_IDENTIFIER = "com.berrytillage.Weather-App";
				PRODUCT_NAME = "$(TARGET_NAME)";
				SWIFT_EMIT_LOC_STRINGS = YES;
				SWIFT_VERSION = 5.0;
				TARGETED_DEVICE_FAMILY = "1,2";
			};
			name = Release;
		};
/* End XCBuildConfiguration section */

/* Begin XCConfigurationList section */
		A15F94F2280BCD1F0096DA7E /* Build configuration list for PBXProject "Weather App" */ = {
			isa = XCConfigurationList;
			buildConfigurations = (
				A15F9503280BCD1F0096DA7E /* Debug */,
				A15F9504280BCD1F0096DA7E /* Release */,
			);
			defaultConfigurationIsVisible = 0;
			defaultConfigurationName = Release;
		};
		A15F9505280BCD1F0096DA7E /* Build configuration list for PBXNativeTarget "Weather App" */ = {
			isa = XCConfigurationList;
			buildConfigurations = (
				A15F9506280BCD1F0096DA7E /* Debug */,
				A15F9507280BCD1F0096DA7E /* Release */,
			);
			defaultConfigurationIsVisible = 0;
			defaultConfigurationName = Release;
		};
/* End XCConfigurationList section */

/* Begin XCRemoteSwiftPackageReference section */
		A15F9516280BE33B0096DA7E /* XCRemoteSwiftPackageReference "url-image" */ = {
			isa = XCRemoteSwiftPackageReference;
			repositoryURL = "https://github.com/dmytro-anokhin/url-image";
			requirement = {
				branch = main;
				kind = branch;
			};
		};
		A15F9517280BE3550096DA7E /* XCRemoteSwiftPackageReference "url-image" */ = {
			isa = XCRemoteSwiftPackageReference;
			repositoryURL = "https://github.com/dmytro-anokhin/url-image";
			requirement = {
				branch = main;
				kind = branch;
			};
		};
/* End XCRemoteSwiftPackageReference section */

/* Begin XCSwiftPackageProductDependency section */
		A15F9518280BE3550096DA7E /* URLImage */ = {
			isa = XCSwiftPackageProductDependency;
			package = A15F9516280BE33B0096DA7E /* XCRemoteSwiftPackageReference "url-image" */;
			productName = URLImage;
		};
		A15F951A280BE3550096DA7E /* URLImageStore */ = {
			isa = XCSwiftPackageProductDependency;
			package = A15F9516280BE33B0096DA7E /* XCRemoteSwiftPackageReference "url-image" */;
			productName = URLImageStore;
		};
/* End XCSwiftPackageProductDependency section */
	};
	rootObject = A15F94EF280BCD1F0096DA7E /* Project object */;
}
